#MicroXplorer Configuration settings - do not modify
#Wed Mar 04 14:39:40 CET 2015
ADC1.Channel-0\#ChannelRegularConversion=ADC_CHANNEL_5
ADC1.IPParameters=Rank-0\#ChannelRegularConversion,SamplingTime-0\#ChannelRegularConversion,Channel-0\#ChannelRegularConversion,master,NbrOfConversionFlag
ADC1.NbrOfConversionFlag=1
ADC1.Rank-0\#ChannelRegularConversion=1
ADC1.SamplingTime-0\#ChannelRegularConversion=ADC_SAMPLETIME_3CYCLES
ADC1.master=1
ADC2.Channel-0\#ChannelRegularConversion=ADC_CHANNEL_4
ADC2.IPParameters=Rank-0\#ChannelRegularConversion,SamplingTime-0\#ChannelRegularConversion,Channel-0\#ChannelRegularConversion,NbrOfConversionFlag
ADC2.NbrOfConversionFlag=1
ADC2.Rank-0\#ChannelRegularConversion=1
ADC2.SamplingTime-0\#ChannelRegularConversion=ADC_SAMPLETIME_3CYCLES
ADC3.Channel-0\#ChannelRegularConversion=ADC_CHANNEL_3
ADC3.IPParameters=Rank-0\#ChannelRegularConversion,SamplingTime-0\#ChannelRegularConversion,Channel-0\#ChannelRegularConversion,NbrOfConversionFlag
ADC3.NbrOfConversionFlag=1
ADC3.Rank-0\#ChannelRegularConversion=1
ADC3.SamplingTime-0\#ChannelRegularConversion=ADC_SAMPLETIME_3CYCLES
ETH.IPParameters=MediaInterface-RMII
ETH.MediaInterface-RMII=ETH_MEDIA_INTERFACE_RMII
File.Version=4
KeepUserPlacement=true
Mcu.Family=STM32F4
Mcu.IP0=ADC1
Mcu.IP1=ADC2
Mcu.IP2=ADC3
Mcu.IP3=ETH
Mcu.IP4=NVIC
Mcu.IP5=RCC
Mcu.IP6=TIM10
Mcu.IP7=TIM11
Mcu.IPNb=8
Mcu.Name=STM32F407V(E-G)Tx
Mcu.Package=LQFP100
Mcu.Pin0=PC15-OSC32_OUT
Mcu.Pin1=PC1
Mcu.Pin10=PB0
Mcu.Pin11=PB11
Mcu.Pin12=PB12
Mcu.Pin13=PB13
Mcu.Pin14=PB8
Mcu.Pin15=PB9
Mcu.Pin16=VP_TIM10_VS_ClockSourceINT
Mcu.Pin17=VP_TIM11_VS_ClockSourceINT
Mcu.Pin2=PA1
Mcu.Pin3=PA2
Mcu.Pin4=PA3
Mcu.Pin5=PA4
Mcu.Pin6=PA5
Mcu.Pin7=PA7
Mcu.Pin8=PC4
Mcu.Pin9=PC5
Mcu.PinsNb=18
Mcu.UserName=STM32F407VGTx
NVIC.PriorityGroup=NVIC_PRIORITYGROUP_0
NVIC.SysTick_IRQn=true\:0\:0
PA1.Locked=true
PA1.Mode=RMII
PA1.Signal=ETH_REF_CLK
PA2.Locked=true
PA2.Mode=RMII
PA2.Signal=ETH_MDIO
PA3.Locked=true
PA3.Signal=ADCx_IN3
PA4.Locked=true
PA4.Signal=ADCx_IN4
PA5.Locked=true
PA5.Signal=ADCx_IN5
PA7.Locked=true
PA7.Mode=RMII
PA7.Signal=ETH_CRS_DV
PB0.Locked=true
PB0.Signal=GPXTI0
PB11.Locked=true
PB11.Mode=RMII
PB11.Signal=ETH_TX_EN
PB12.Locked=true
PB12.Mode=RMII
PB12.Signal=ETH_TXD0
PB13.Locked=true
PB13.Mode=RMII
PB13.Signal=ETH_TXD1
PB8.Locked=true
PB8.Signal=S_TIM10_CH1
PB9.Locked=true
PB9.Signal=S_TIM11_CH1
PC1.Locked=true
PC1.Mode=RMII
PC1.Signal=ETH_MDC
PC15-OSC32_OUT.Locked=true
PC15-OSC32_OUT.Signal=GPXTI15
PC4.Locked=true
PC4.Mode=RMII
PC4.Signal=ETH_RXD0
PC5.Locked=true
PC5.Mode=RMII
PC5.Signal=ETH_RXD1
PCC.Family=STM32F4
PCC.MCU=STM32F407V(E-G)Tx
PCC.MXVersion=4.3.0
PCC.PartNumber=STM32F407VGTx
PCC.Seq0=0
PCC.SubFamily=STM32F407/417
PCC.Temperature=25
PCC.Vdd=3.3
RCC.FamilyName=M
RCC.HSE_VALUE=25000000
RCC.HSI_VALUE=16000000
RCC.IPParameters=,FamilyName,LSE_VALUE,HSE_VALUE,HSI_VALUE,LSI_VALUE
RCC.LSE_VALUE=32768
RCC.LSI_VALUE=32000
SH.ADCx_IN3.0=ADC3_IN3,IN3
SH.ADCx_IN3.ConfNb=1
SH.ADCx_IN4.0=ADC2_IN4,IN4
SH.ADCx_IN4.ConfNb=1
SH.ADCx_IN5.0=ADC1_IN5,IN5
SH.ADCx_IN5.ConfNb=1
SH.GPXTI0.0=GPIO_EXTI0
SH.GPXTI0.ConfNb=1
SH.GPXTI15.0=GPIO_EXTI15
SH.GPXTI15.ConfNb=1
SH.S_TIM10_CH1.0=TIM10_CH1,PWM Generation1 CH1
SH.S_TIM10_CH1.ConfNb=1
SH.S_TIM11_CH1.0=TIM11_CH1,PWM Generation1 CH1
SH.S_TIM11_CH1.ConfNb=1
VP_TIM10_VS_ClockSourceINT.Mode=Enable_Timer
VP_TIM10_VS_ClockSourceINT.Signal=TIM10_VS_ClockSourceINT
VP_TIM11_VS_ClockSourceINT.Mode=Enable_Timer
VP_TIM11_VS_ClockSourceINT.Signal=TIM11_VS_ClockSourceINT
